// !$*UTF8*$!
{
	archiveVersion = 1;
	classes = {
	};
	objectVersion = 46;
	objects = {

/* Begin PBXBuildFile section */
		3C8072261E1F317C00C6A653 /* main.m in Sources */ = {isa = PBXBuildFile; fileRef = 3C8072251E1F317C00C6A653 /* main.m */; };
		3C8072291E1F317C00C6A653 /* AppDelegate.m in Sources */ = {isa = PBXBuildFile; fileRef = 3C8072281E1F317C00C6A653 /* AppDelegate.m */; };
		3C80722C1E1F317C00C6A653 /* ViewController.m in Sources */ = {isa = PBXBuildFile; fileRef = 3C80722B1E1F317C00C6A653 /* ViewController.m */; };
		3C80722F1E1F317C00C6A653 /* Main.storyboard in Resources */ = {isa = PBXBuildFile; fileRef = 3C80722D1E1F317C00C6A653 /* Main.storyboard */; };
		3C8072311E1F317C00C6A653 /* Assets.xcassets in Resources */ = {isa = PBXBuildFile; fileRef = 3C8072301E1F317C00C6A653 /* Assets.xcassets */; };
		3C8072341E1F317C00C6A653 /* LaunchScreen.storyboard in Resources */ = {isa = PBXBuildFile; fileRef = 3C8072321E1F317C00C6A653 /* LaunchScreen.storyboard */; };
		3C8072471E1F37A100C6A653 /* SKeychainHelper.m in Sources */ = {isa = PBXBuildFile; fileRef = 3C8072441E1F37A100C6A653 /* SKeychainHelper.m */; };
		3C8072481E1F37A100C6A653 /* SKeychainUDID.m in Sources */ = {isa = PBXBuildFile; fileRef = 3C8072461E1F37A100C6A653 /* SKeychainUDID.m */; };
/* End PBXBuildFile section */

/* Begin PBXFileReference section */
		3C8072211E1F317C00C6A653 /* SKeychainUDID.app */ = {isa = PBXFileReference; explicitFileType = wrapper.application; includeInIndex = 0; path = SKeychainUDID.app; sourceTree = BUILT_PRODUCTS_DIR; };
		3C8072251E1F317C00C6A653 /* main.m */ = {isa = PBXFileReference; lastKnownFileType = sourcecode.c.objc; path = main.m; sourceTree = "<group>"; };
		3C8072271E1F317C00C6A653 /* AppDelegate.h */ = {isa = PBXFileReference; lastKnownFileType = sourcecode.c.h; path = AppDelegate.h; sourceTree = "<group>"; };
		3C8072281E1F317C00C6A653 /* AppDelegate.m */ = {isa = PBXFileReference; lastKnownFileType = sourcecode.c.objc; path = AppDelegate.m; sourceTree = "<group>"; };
		3C80722A1E1F317C00C6A653 /* ViewController.h */ = {isa = PBXFileReference; lastKnownFileType = sourcecode.c.h; path = ViewController.h; sourceTree = "<group>"; };
		3C80722B1E1F317C00C6A653 /* ViewController.m */ = {isa = PBXFileReference; lastKnownFileType = sourcecode.c.objc; path = ViewController.m; sourceTree = "<group>"; };
		3C80722E1E1F317C00C6A653 /* Base */ = {isa = PBXFileReference; lastKnownFileType = file.storyboard; name = Base; path = Base.lproj/Main.storyboard; sourceTree = "<group>"; };
		3C8072301E1F317C00C6A653 /* Assets.xcassets */ = {isa = PBXFileReference; lastKnownFileType = folder.assetcatalog; path = Assets.xcassets; sourceTree = "<group>"; };
		3C8072331E1F317C00C6A653 /* Base */ = {isa = PBXFileReference; lastKnownFileType = file.storyboard; name = Base; path = Base.lproj/LaunchScreen.storyboard; sourceTree = "<group>"; };
		3C8072351E1F317C00C6A653 /* Info.plist */ = {isa = PBXFileReference; lastKnownFileType = text.plist.xml; path = Info.plist; sourceTree = "<group>"; };
		3C8072431E1F37A100C6A653 /* SKeychainHelper.h */ = {isa = PBXFileReference; fileEncoding = 4; lastKnownFileType = sourcecode.c.h; path = SKeychainHelper.h; sourceTree = "<group>"; };
		3C8072441E1F37A100C6A653 /* SKeychainHelper.m */ = {isa = PBXFileReference; fileEncoding = 4; lastKnownFileType = sourcecode.c.objc; path = SKeychainHelper.m; sourceTree = "<group>"; };
		3C8072451E1F37A100C6A653 /* SKeychainUDID.h */ = {isa = PBXFileReference; fileEncoding = 4; lastKnownFileType = sourcecode.c.h; path = SKeychainUDID.h; sourceTree = "<group>"; };
		3C8072461E1F37A100C6A653 /* SKeychainUDID.m */ = {isa = PBXFileReference; fileEncoding = 4; lastKnownFileType = sourcecode.c.objc; path = SKeychainUDID.m; sourceTree = "<group>"; };
/* End PBXFileReference section */

/* Begin PBXFrameworksBuildPhase section */
		3C80721E1E1F317C00C6A653 /* Frameworks */ = {
			isa = PBXFrameworksBuildPhase;
			buildActionMask = 2147483647;
			files = (
			);
			runOnlyForDeploymentPostprocessing = 0;
		};
/* End PBXFrameworksBuildPhase section */

/* Begin PBXGroup section */
		3C8072181E1F317C00C6A653 = {
			isa = PBXGroup;
			children = (
				3C8072231E1F317C00C6A653 /* SKeychainUDID */,
				3C8072221E1F317C00C6A653 /* Products */,
			);
			sourceTree = "<group>";
		};
		3C8072221E1F317C00C6A653 /* Products */ = {
			isa = PBXGroup;
			children = (
				3C8072211E1F317C00C6A653 /* SKeychainUDID.app */,
			);
			name = Products;
			sourceTree = "<group>";
		};
		3C8072231E1F317C00C6A653 /* SKeychainUDID */ = {
			isa = PBXGroup;
			children = (
				3C8072421E1F37A100C6A653 /* Classes */,
				3C8072271E1F317C00C6A653 /* AppDelegate.h */,
				3C8072281E1F317C00C6A653 /* AppDelegate.m */,
				3C80722A1E1F317C00C6A653 /* ViewController.h */,
				3C80722B1E1F317C00C6A653 /* ViewController.m */,
				3C80722D1E1F317C00C6A653 /* Main.storyboard */,
				3C8072301E1F317C00C6A653 /* Assets.xcassets */,
				3C8072321E1F317C00C6A653 /* LaunchScreen.storyboard */,
				3C8072351E1F317C00C6A653 /* Info.plist */,
				3C8072241E1F317C00C6A653 /* Supporting Files */,
			);
			path = SKeychainUDID;
			sourceTree = "<group>";
		};
		3C8072241E1F317C00C6A653 /* Supporting Files */ = {
			isa = PBXGroup;
			children = (
				3C8072251E1F317C00C6A653 /* main.m */,
			);
			name = "Supporting Files";
			sourceTree = "<group>";
		};
		3C8072421E1F37A100C6A653 /* Classes */ = {
			isa = PBXGroup;
			children = (
				3C8072431E1F37A100C6A653 /* SKeychainHelper.h */,
				3C8072441E1F37A100C6A653 /* SKeychainHelper.m */,
				3C8072451E1F37A100C6A653 /* SKeychainUDID.h */,
				3C8072461E1F37A100C6A653 /* SKeychainUDID.m */,
			);
			path = Classes;
			sourceTree = "<group>";
		};
/* End PBXGroup section */

/* Begin PBXNativeTarget section */
		3C8072201E1F317C00C6A653 /* SKeychainUDID */ = {
			isa = PBXNativeTarget;
			buildConfigurationList = 3C8072381E1F317C00C6A653 /* Build configuration list for PBXNativeTarget "SKeychainUDID" */;
			buildPhases = (
				3C80721D1E1F317C00C6A653 /* Sources */,
				3C80721E1E1F317C00C6A653 /* Frameworks */,
				3C80721F1E1F317C00C6A653 /* Resources */,
			);
			buildRules = (
			);
			dependencies = (
			);
			name = SKeychainUDID;
			productName = SKeychainUDID;
			productReference = 3C8072211E1F317C00C6A653 /* SKeychainUDID.app */;
			productType = "com.apple.product-type.application";
		};
/* End PBXNativeTarget section */

/* Begin PBXProject section */
		3C8072191E1F317C00C6A653 /* Project object */ = {
			isa = PBXProject;
			attributes = {
				LastUpgradeCheck = 0820;
				ORGANIZATIONNAME = sgabg;
				TargetAttributes = {
					3C8072201E1F317C00C6A653 = {
						CreatedOnToolsVersion = 8.2;
						ProvisioningStyle = Automatic;
					};
				};
			};
			buildConfigurationList = 3C80721C1E1F317C00C6A653 /* Build configuration list for PBXProject "SKeychainUDID" */;
			compatibilityVersion = "Xcode 3.2";
			developmentRegion = English;
			hasScannedForEncodings = 0;
			knownRegions = (
				en,
				Base,
			);
			mainGroup = 3C8072181E1F317C00C6A653;
			productRefGroup = 3C8072221E1F317C00C6A653 /* Products */;
			projectDirPath = "";
			projectRoot = "";
			targets = (
				3C8072201E1F317C00C6A653 /* SKeychainUDID */,
			);
		};
/* End PBXProject section */

/* Begin PBXResourcesBuildPhase section */
		3C80721F1E1F317C00C6A653 /* Resources */ = {
			isa = PBXResourcesBuildPhase;
			buildActionMask = 2147483647;
			files = (
				3C8072341E1F317C00C6A653 /* LaunchScreen.storyboard in Resources */,
				3C8072311E1F317C00C6A653 /* Assets.xcassets in Resources */,
				3C80722F1E1F317C00C6A653 /* Main.storyboard in Resources */,
			);
			runOnlyForDeploymentPostprocessing = 0;
		};
/* End PBXResourcesBuildPhase section */

/* Begin PBXSourcesBuildPhase section */
		3C80721D1E1F317C00C6A653 /* Sources */ = {
			isa = PBXSourcesBuildPhase;
			buildActionMask = 2147483647;
			files = (
				3C8072481E1F37A100C6A653 /* SKeychainUDID.m in Sources */,
				3C80722C1E1F317C00C6A653 /* ViewController.m in Sources */,
				3C8072291E1F317C00C6A653 /* AppDelegate.m in Sources */,
				3C8072261E1F317C00C6A653 /* main.m in Sources */,
				3C8072471E1F37A100C6A653 /* SKeychainHelper.m in Sources */,
			);
			runOnlyForDeploymentPostprocessing = 0;
		};
/* End PBXSourcesBuildPhase section */

/* Begin PBXVariantGroup section */
		3C80722D1E1F317C00C6A653 /* Main.storyboard */ = {
			isa = PBXVariantGroup;
			children = (
				3C80722E1E1F317C00C6A653 /* Base */,
			);
			name = Main.storyboard;
			sourceTree = "<group>";
		};
		3C8072321E1F317C00C6A653 /* LaunchScreen.storyboard */ = {
			isa = PBXVariantGroup;
			children = (
				3C8072331E1F317C00C6A653 /* Base */,
			);
			name = LaunchScreen.storyboard;
			sourceTree = "<group>";
		};
/* End PBXVariantGroup section */

/* Begin XCBuildConfiguration section */
		3C8072361E1F317C00C6A653 /* Debug */ = {
			isa = XCBuildConfiguration;
			buildSettings = {
				ALWAYS_SEARCH_USER_PATHS = NO;
				CLANG_ANALYZER_NONNULL = YES;
				CLANG_CXX_LANGUAGE_STANDARD = "gnu++0x";
				CLANG_CXX_LIBRARY = "libc++";
				CLANG_ENABLE_MODULES = YES;
				CLANG_ENABLE_OBJC_ARC = YES;
				CLANG_WARN_BOOL_CONVERSION = YES;
				CLANG_WARN_CONSTANT_CONVERSION = YES;
				CLANG_WARN_DIRECT_OBJC_ISA_USAGE = YES_ERROR;
				CLANG_WARN_DOCUMENTATION_COMMENTS = YES;
				CLANG_WARN_EMPTY_BODY = YES;
				CLANG_WARN_ENUM_CONVERSION = YES;
				CLANG_WARN_INFINITE_RECURSION = YES;
				CLANG_WARN_INT_CONVERSION = YES;
				CLANG_WARN_OBJC_ROOT_CLASS = YES_ERROR;
				CLANG_WARN_SUSPICIOUS_MOVE = YES;
				CLANG_WARN_UNREACHABLE_CODE = YES;
				CLANG_WARN__DUPLICATE_METHOD_MATCH = YES;
				"CODE_SIGN_IDENTITY[sdk=iphoneos*]" = "iPhone Developer";
				COPY_PHASE_STRIP = NO;
				DEBUG_INFORMATION_FORMAT = dwarf;
				ENABLE_STRICT_OBJC_MSGSEND = YES;
				ENABLE_TESTABILITY = YES;
				GCC_C_LANGUAGE_STANDARD = gnu99;
				GCC_DYNAMIC_NO_PIC = NO;
				GCC_NO_COMMON_BLOCKS = YES;
				GCC_OPTIMIZATION_LEVEL = 0;
				GCC_PREPROCESSOR_DEFINITIONS = (
					"DEBUG=1",
					"$(inherited)",
				);
				GCC_WARN_64_TO_32_BIT_CONVERSION = YES;
				GCC_WARN_ABOUT_RETURN_TYPE = YES_ERROR;
				GCC_WARN_UNDECLARED_SELECTOR = YES;
				GCC_WARN_UNINITIALIZED_AUTOS = YES_AGGRESSIVE;
				GCC_WARN_UNUSED_FUNCTION = YES;
				GCC_WARN_UNUSED_VARIABLE = YES;
				IPHONEOS_DEPLOYMENT_TARGET = 10.2;
				MTL_ENABLE_DEBUG_INFO = YES;
				ONLY_ACTIVE_ARCH = YES;
				SDKROOT = iphoneos;
			};
			name = Debug;
		};
		3C8072371E1F317C00C6A653 /* Release */ = {
			isa = XCBuildConfiguration;
			buildSettings = {
				ALWAYS_SEARCH_USER_PATHS = NO;
				CLANG_ANALYZER_NONNULL = YES;
				CLANG_CXX_LANGUAGE_STANDARD = "gnu++0x";
				CLANG_CXX_LIBRARY = "libc++";
				CLANG_ENABLE_MODULES = YES;
				CLANG_ENABLE_OBJC_ARC = YES;
				CLANG_WARN_BOOL_CONVERSION = YES;
				CLANG_WARN_CONSTANT_CONVERSION = YES;
				CLANG_WARN_DIRECT_OBJC_ISA_USAGE = YES_ERROR;
				CLANG_WARN_DOCUMENTATION_COMMENTS = YES;
				CLANG_WARN_EMPTY_BODY = YES;
				CLANG_WARN_ENUM_CONVERSION = YES;
				CLANG_WARN_INFINITE_RECURSION = YES;
				CLANG_WARN_INT_CONVERSION = YES;
				CLANG_WARN_OBJC_ROOT_CLASS = YES_ERROR;
				CLANG_WARN_SUSPICIOUS_MOVE = YES;
				CLANG_WARN_UNREACHABLE_CODE = YES;
				CLANG_WARN__DUPLICATE_METHOD_MATCH = YES;
				"CODE_SIGN_IDENTITY[sdk=iphoneos*]" = "iPhone Developer";
				COPY_PHASE_STRIP = NO;
				DEBUG_INFORMATION_FORMAT = "dwarf-with-dsym";
				ENABLE_NS_ASSERTIONS = NO;
				ENABLE_STRICT_OBJC_MSGSEND = YES;
				GCC_C_LANGUAGE_STANDARD = gnu99;
				GCC_NO_COMMON_BLOCKS = YES;
				GCC_WARN_64_TO_32_BIT_CONVERSION = YES;
				GCC_WARN_ABOUT_RETURN_TYPE = YES_ERROR;
				GCC_WARN_UNDECLARED_SELECTOR = YES;
				GCC_WARN_UNINITIALIZED_AUTOS = YES_AGGRESSIVE;
				GCC_WARN_UNUSED_FUNCTION = YES;
				GCC_WARN_UNUSED_VARIABLE = YES;
				IPHONEOS_DEPLOYMENT_TARGET = 10.2;
				MTL_ENABLE_DEBUG_INFO = NO;
				SDKROOT = iphoneos;
				VALIDATE_PRODUCT = YES;
			};
			name = Release;
		};
		3C8072391E1F317C00C6A653 /* Debug */ = {
			isa = XCBuildConfiguration;
			buildSettings = {
				ASSETCATALOG_COMPILER_APPICON_NAME = AppIcon;
				INFOPLIST_FILE = SKeychainUDID/Info.plist;
				LD_RUNPATH_SEARCH_PATHS = "$(inherited) @executable_path/Frameworks";
				PRODUCT_BUNDLE_IDENTIFIER = com.sgabg.SKeychainUDID;
				PRODUCT_NAME = "$(TARGET_NAME)";
			};
			name = Debug;
		};
		3C80723A1E1F317C00C6A653 /* Release */ = {
			isa = XCBuildConfiguration;
			buildSettings = {
				ASSETCATALOG_COMPILER_APPICON_NAME = AppIcon;
				INFOPLIST_FILE = SKeychainUDID/Info.plist;
				LD_RUNPATH_SEARCH_PATHS = "$(inherited) @executable_path/Frameworks";
				PRODUCT_BUNDLE_IDENTIFIER = com.sgabg.SKeychainUDID;
				PRODUCT_NAME = "$(TARGET_NAME)";
			};
			name = Release;
		};
/* End XCBuildConfiguration section */

/* Begin XCConfigurationList section */
		3C80721C1E1F317C00C6A653 /* Build configuration list for PBXProject "SKeychainUDID" */ = {
			isa = XCConfigurationList;
			buildConfigurations = (
				3C8072361E1F317C00C6A653 /* Debug */,
				3C8072371E1F317C00C6A653 /* Release */,
			);
			defaultConfigurationIsVisible = 0;
			defaultConfigurationName = Release;
		};
		3C8072381E1F317C00C6A653 /* Build configuration list for PBXNativeTarget "SKeychainUDID" */ = {
			isa = XCConfigurationList;
			buildConfigurations = (
				3C8072391E1F317C00C6A653 /* Debug */,
				3C80723A1E1F317C00C6A653 /* Release */,
			);
			defaultConfigurationIsVisible = 0;
			defaultConfigurationName = Release;
		};
/* End XCConfigurationList section */
	};
	rootObject = 3C8072191E1F317C00C6A653 /* Project object */;
}
